// !$*UTF8*$!
{
	archiveVersion = 1;
	classes = {
	};
	objectVersion = 56;
	objects = {

/* Begin PBXBuildFile section */
		926181012A455B790075C8F9 /* AppDelegate.swift in Sources */ = {isa = PBXBuildFile; fileRef = 926181002A455B790075C8F9 /* AppDelegate.swift */; };
		926181032A455B790075C8F9 /* SceneDelegate.swift in Sources */ = {isa = PBXBuildFile; fileRef = 926181022A455B790075C8F9 /* SceneDelegate.swift */; };
		9261810A2A455B790075C8F9 /* Assets.xcassets in Resources */ = {isa = PBXBuildFile; fileRef = 926181092A455B790075C8F9 /* Assets.xcassets */; };
		9261810D2A455B790075C8F9 /* LaunchScreen.storyboard in Resources */ = {isa = PBXBuildFile; fileRef = 9261810B2A455B790075C8F9 /* LaunchScreen.storyboard */; };
		926181192A4560FE0075C8F9 /* Imagine Dragons - Warriors.mp3 in Resources */ = {isa = PBXBuildFile; fileRef = 926181182A4560FE0075C8F9 /* Imagine Dragons - Warriors.mp3 */; };
		9261811B2A4561A40075C8F9 /* Track.swift in Sources */ = {isa = PBXBuildFile; fileRef = 9261811A2A4561A40075C8F9 /* Track.swift */; };
		9261811E2A45622E0075C8F9 /* TracksViewController.swift in Sources */ = {isa = PBXBuildFile; fileRef = 9261811D2A45622E0075C8F9 /* TracksViewController.swift */; };
		926181202A45623B0075C8F9 /* PlayerViewController.swift in Sources */ = {isa = PBXBuildFile; fileRef = 9261811F2A45623B0075C8F9 /* PlayerViewController.swift */; };
		926181222A4565870075C8F9 /* TracksViewCell.swift in Sources */ = {isa = PBXBuildFile; fileRef = 926181212A4565870075C8F9 /* TracksViewCell.swift */; };
		926181242A46C3FF0075C8F9 /* Kansas - Carry On Wayward Son.mp3 in Resources */ = {isa = PBXBuildFile; fileRef = 926181232A46C3FF0075C8F9 /* Kansas - Carry On Wayward Son.mp3 */; };
		926181262A46C4860075C8F9 /* Alice Merton - No Roots.mp3 in Resources */ = {isa = PBXBuildFile; fileRef = 926181252A46C4860075C8F9 /* Alice Merton - No Roots.mp3 */; };
		926181282A46C5440075C8F9 /* One Republic - Counting Stars.mp3 in Resources */ = {isa = PBXBuildFile; fileRef = 926181272A46C5440075C8F9 /* One Republic - Counting Stars.mp3 */; };
		9261812A2A46C5DD0075C8F9 /* One Direction - Another World.mp3 in Resources */ = {isa = PBXBuildFile; fileRef = 926181292A46C5DD0075C8F9 /* One Direction - Another World.mp3 */; };
		9261812E2A46D71D0075C8F9 /* Main.storyboard in Resources */ = {isa = PBXBuildFile; fileRef = 9261812D2A46D71D0075C8F9 /* Main.storyboard */; };
		926181312A46D8880075C8F9 /* TimeFormatExtension.swift in Sources */ = {isa = PBXBuildFile; fileRef = 926181302A46D8880075C8F9 /* TimeFormatExtension.swift */; };
		926181342A46DD370075C8F9 /* MusicData.swift in Sources */ = {isa = PBXBuildFile; fileRef = 926181332A46DD370075C8F9 /* MusicData.swift */; };
/* End PBXBuildFile section */

/* Begin PBXFileReference section */
		926180FD2A455B790075C8F9 /* MusicPlayer.app */ = {isa = PBXFileReference; explicitFileType = wrapper.application; includeInIndex = 0; path = MusicPlayer.app; sourceTree = BUILT_PRODUCTS_DIR; };
		926181002A455B790075C8F9 /* AppDelegate.swift */ = {isa = PBXFileReference; lastKnownFileType = sourcecode.swift; path = AppDelegate.swift; sourceTree = "<group>"; };
		926181022A455B790075C8F9 /* SceneDelegate.swift */ = {isa = PBXFileReference; lastKnownFileType = sourcecode.swift; path = SceneDelegate.swift; sourceTree = "<group>"; };
		926181092A455B790075C8F9 /* Assets.xcassets */ = {isa = PBXFileReference; lastKnownFileType = folder.assetcatalog; path = Assets.xcassets; sourceTree = "<group>"; };
		9261810C2A455B790075C8F9 /* Base */ = {isa = PBXFileReference; lastKnownFileType = file.storyboard; name = Base; path = Base.lproj/LaunchScreen.storyboard; sourceTree = "<group>"; };
		9261810E2A455B790075C8F9 /* Info.plist */ = {isa = PBXFileReference; lastKnownFileType = text.plist.xml; path = Info.plist; sourceTree = "<group>"; };
		926181182A4560FE0075C8F9 /* Imagine Dragons - Warriors.mp3 */ = {isa = PBXFileReference; lastKnownFileType = audio.mp3; path = "Imagine Dragons - Warriors.mp3"; sourceTree = "<group>"; };
		9261811A2A4561A40075C8F9 /* Track.swift */ = {isa = PBXFileReference; lastKnownFileType = sourcecode.swift; path = Track.swift; sourceTree = "<group>"; };
		9261811D2A45622E0075C8F9 /* TracksViewController.swift */ = {isa = PBXFileReference; lastKnownFileType = sourcecode.swift; path = TracksViewController.swift; sourceTree = "<group>"; };
		9261811F2A45623B0075C8F9 /* PlayerViewController.swift */ = {isa = PBXFileReference; lastKnownFileType = sourcecode.swift; path = PlayerViewController.swift; sourceTree = "<group>"; };
		926181212A4565870075C8F9 /* TracksViewCell.swift */ = {isa = PBXFileReference; lastKnownFileType = sourcecode.swift; path = TracksViewCell.swift; sourceTree = "<group>"; };
		926181232A46C3FF0075C8F9 /* Kansas - Carry On Wayward Son.mp3 */ = {isa = PBXFileReference; lastKnownFileType = audio.mp3; path = "Kansas - Carry On Wayward Son.mp3"; sourceTree = "<group>"; };
		926181252A46C4860075C8F9 /* Alice Merton - No Roots.mp3 */ = {isa = PBXFileReference; lastKnownFileType = audio.mp3; path = "Alice Merton - No Roots.mp3"; sourceTree = "<group>"; };
		926181272A46C5440075C8F9 /* One Republic - Counting Stars.mp3 */ = {isa = PBXFileReference; lastKnownFileType = audio.mp3; path = "One Republic - Counting Stars.mp3"; sourceTree = "<group>"; };
		926181292A46C5DD0075C8F9 /* One Direction - Another World.mp3 */ = {isa = PBXFileReference; lastKnownFileType = audio.mp3; path = "One Direction - Another World.mp3"; sourceTree = "<group>"; };
		9261812D2A46D71D0075C8F9 /* Main.storyboard */ = {isa = PBXFileReference; lastKnownFileType = file.storyboard; path = Main.storyboard; sourceTree = "<group>"; };
		926181302A46D8880075C8F9 /* TimeFormatExtension.swift */ = {isa = PBXFileReference; lastKnownFileType = sourcecode.swift; path = TimeFormatExtension.swift; sourceTree = "<group>"; };
		926181332A46DD370075C8F9 /* MusicData.swift */ = {isa = PBXFileReference; lastKnownFileType = sourcecode.swift; path = MusicData.swift; sourceTree = "<group>"; };
/* End PBXFileReference section */

/* Begin PBXFrameworksBuildPhase section */
		926180FA2A455B790075C8F9 /* Frameworks */ = {
			isa = PBXFrameworksBuildPhase;
			buildActionMask = 2147483647;
			files = (
			);
			runOnlyForDeploymentPostprocessing = 0;
		};
/* End PBXFrameworksBuildPhase section */

/* Begin PBXGroup section */
		926180F42A455B790075C8F9 = {
			isa = PBXGroup;
			children = (
				926180FF2A455B790075C8F9 /* MusicPlayer */,
				926180FE2A455B790075C8F9 /* Products */,
			);
			sourceTree = "<group>";
		};
		926180FE2A455B790075C8F9 /* Products */ = {
			isa = PBXGroup;
			children = (
				926180FD2A455B790075C8F9 /* MusicPlayer.app */,
			);
			name = Products;
			sourceTree = "<group>";
		};
		926180FF2A455B790075C8F9 /* MusicPlayer */ = {
			isa = PBXGroup;
			children = (
				9261811A2A4561A40075C8F9 /* Track.swift */,
				926181002A455B790075C8F9 /* AppDelegate.swift */,
				926181022A455B790075C8F9 /* SceneDelegate.swift */,
				9261810B2A455B790075C8F9 /* LaunchScreen.storyboard */,
				9261810E2A455B790075C8F9 /* Info.plist */,
				926181212A4565870075C8F9 /* TracksViewCell.swift */,
				9261812F2A46D8630075C8F9 /* Helpers */,
				926181322A46DD270075C8F9 /* Data */,
				9261811C2A45621A0075C8F9 /* ViewControllers */,
				926181162A4560620075C8F9 /* Resources */,
				9261812D2A46D71D0075C8F9 /* Main.storyboard */,
			);
			path = MusicPlayer;
			sourceTree = "<group>";
		};
		926181162A4560620075C8F9 /* Resources */ = {
			isa = PBXGroup;
			children = (
				926181092A455B790075C8F9 /* Assets.xcassets */,
				926181172A4560A60075C8F9 /* Music */,
			);
			path = Resources;
			sourceTree = "<group>";
		};
		926181172A4560A60075C8F9 /* Music */ = {
			isa = PBXGroup;
			children = (
				926181182A4560FE0075C8F9 /* Imagine Dragons - Warriors.mp3 */,
				926181232A46C3FF0075C8F9 /* Kansas - Carry On Wayward Son.mp3 */,
				926181252A46C4860075C8F9 /* Alice Merton - No Roots.mp3 */,
				926181272A46C5440075C8F9 /* One Republic - Counting Stars.mp3 */,
				926181292A46C5DD0075C8F9 /* One Direction - Another World.mp3 */,
			);
			path = Music;
			sourceTree = "<group>";
		};
		9261811C2A45621A0075C8F9 /* ViewControllers */ = {
			isa = PBXGroup;
			children = (
				9261811D2A45622E0075C8F9 /* TracksViewController.swift */,
				9261811F2A45623B0075C8F9 /* PlayerViewController.swift */,
			);
			path = ViewControllers;
			sourceTree = "<group>";
		};
		9261812F2A46D8630075C8F9 /* Helpers */ = {
			isa = PBXGroup;
			children = (
				926181302A46D8880075C8F9 /* TimeFormatExtension.swift */,
			);
			path = Helpers;
			sourceTree = "<group>";
		};
		926181322A46DD270075C8F9 /* Data */ = {
			isa = PBXGroup;
			children = (
				926181332A46DD370075C8F9 /* MusicData.swift */,
			);
			path = Data;
			sourceTree = "<group>";
		};
/* End PBXGroup section */

/* Begin PBXNativeTarget section */
		926180FC2A455B790075C8F9 /* MusicPlayer */ = {
			isa = PBXNativeTarget;
			buildConfigurationList = 926181112A455B790075C8F9 /* Build configuration list for PBXNativeTarget "MusicPlayer" */;
			buildPhases = (
				926180F92A455B790075C8F9 /* Sources */,
				926180FA2A455B790075C8F9 /* Frameworks */,
				926180FB2A455B790075C8F9 /* Resources */,
			);
			buildRules = (
			);
			dependencies = (
			);
			name = MusicPlayer;
			productName = MusicPlayer;
			productReference = 926180FD2A455B790075C8F9 /* MusicPlayer.app */;
			productType = "com.apple.product-type.application";
		};
/* End PBXNativeTarget section */

/* Begin PBXProject section */
		926180F52A455B790075C8F9 /* Project object */ = {
			isa = PBXProject;
			attributes = {
				BuildIndependentTargetsInParallel = 1;
				LastSwiftUpdateCheck = 1430;
				LastUpgradeCheck = 1430;
				TargetAttributes = {
					926180FC2A455B790075C8F9 = {
						CreatedOnToolsVersion = 14.3;
					};
				};
			};
			buildConfigurationList = 926180F82A455B790075C8F9 /* Build configuration list for PBXProject "MusicPlayer" */;
			compatibilityVersion = "Xcode 14.0";
			developmentRegion = en;
			hasScannedForEncodings = 0;
			knownRegions = (
				en,
				Base,
			);
			mainGroup = 926180F42A455B790075C8F9;
			productRefGroup = 926180FE2A455B790075C8F9 /* Products */;
			projectDirPath = "";
			projectRoot = "";
			targets = (
				926180FC2A455B790075C8F9 /* MusicPlayer */,
			);
		};
/* End PBXProject section */

/* Begin PBXResourcesBuildPhase section */
		926180FB2A455B790075C8F9 /* Resources */ = {
			isa = PBXResourcesBuildPhase;
			buildActionMask = 2147483647;
			files = (
				9261812A2A46C5DD0075C8F9 /* One Direction - Another World.mp3 in Resources */,
				926181242A46C3FF0075C8F9 /* Kansas - Carry On Wayward Son.mp3 in Resources */,
				9261810D2A455B790075C8F9 /* LaunchScreen.storyboard in Resources */,
				9261812E2A46D71D0075C8F9 /* Main.storyboard in Resources */,
				926181192A4560FE0075C8F9 /* Imagine Dragons - Warriors.mp3 in Resources */,
				9261810A2A455B790075C8F9 /* Assets.xcassets in Resources */,
				926181262A46C4860075C8F9 /* Alice Merton - No Roots.mp3 in Resources */,
				926181282A46C5440075C8F9 /* One Republic - Counting Stars.mp3 in Resources */,
			);
			runOnlyForDeploymentPostprocessing = 0;
		};
/* End PBXResourcesBuildPhase section */

/* Begin PBXSourcesBuildPhase section */
		926180F92A455B790075C8F9 /* Sources */ = {
			isa = PBXSourcesBuildPhase;
			buildActionMask = 2147483647;
			files = (
				926181012A455B790075C8F9 /* AppDelegate.swift in Sources */,
				926181032A455B790075C8F9 /* SceneDelegate.swift in Sources */,
				9261811B2A4561A40075C8F9 /* Track.swift in Sources */,
				926181222A4565870075C8F9 /* TracksViewCell.swift in Sources */,
				9261811E2A45622E0075C8F9 /* TracksViewController.swift in Sources */,
				926181342A46DD370075C8F9 /* MusicData.swift in Sources */,
				926181202A45623B0075C8F9 /* PlayerViewController.swift in Sources */,
				926181312A46D8880075C8F9 /* TimeFormatExtension.swift in Sources */,
			);
			runOnlyForDeploymentPostprocessing = 0;
		};
/* End PBXSourcesBuildPhase section */

/* Begin PBXVariantGroup section */
		9261810B2A455B790075C8F9 /* LaunchScreen.storyboard */ = {
			isa = PBXVariantGroup;
			children = (
				9261810C2A455B790075C8F9 /* Base */,
			);
			name = LaunchScreen.storyboard;
			sourceTree = "<group>";
		};
/* End PBXVariantGroup section */

/* Begin XCBuildConfiguration section */
		9261810F2A455B790075C8F9 /* Debug */ = {
			isa = XCBuildConfiguration;
			buildSettings = {
				ALWAYS_SEARCH_USER_PATHS = NO;
				CLANG_ANALYZER_NONNULL = YES;
				CLANG_ANALYZER_NUMBER_OBJECT_CONVERSION = YES_AGGRESSIVE;
				CLANG_CXX_LANGUAGE_STANDARD = "gnu++20";
				CLANG_ENABLE_MODULES = YES;
				CLANG_ENABLE_OBJC_ARC = YES;
				CLANG_ENABLE_OBJC_WEAK = YES;
				CLANG_WARN_BLOCK_CAPTURE_AUTORELEASING = YES;
				CLANG_WARN_BOOL_CONVERSION = YES;
				CLANG_WARN_COMMA = YES;
				CLANG_WARN_CONSTANT_CONVERSION = YES;
				CLANG_WARN_DEPRECATED_OBJC_IMPLEMENTATIONS = YES;
				CLANG_WARN_DIRECT_OBJC_ISA_USAGE = YES_ERROR;
				CLANG_WARN_DOCUMENTATION_COMMENTS = YES;
				CLANG_WARN_EMPTY_BODY = YES;
				CLANG_WARN_ENUM_CONVERSION = YES;
				CLANG_WARN_INFINITE_RECURSION = YES;
				CLANG_WARN_INT_CONVERSION = YES;
				CLANG_WARN_NON_LITERAL_NULL_CONVERSION = YES;
				CLANG_WARN_OBJC_IMPLICIT_RETAIN_SELF = YES;
				CLANG_WARN_OBJC_LITERAL_CONVERSION = YES;
				CLANG_WARN_OBJC_ROOT_CLASS = YES_ERROR;
				CLANG_WARN_QUOTED_INCLUDE_IN_FRAMEWORK_HEADER = YES;
				CLANG_WARN_RANGE_LOOP_ANALYSIS = YES;
				CLANG_WARN_STRICT_PROTOTYPES = YES;
				CLANG_WARN_SUSPICIOUS_MOVE = YES;
				CLANG_WARN_UNGUARDED_AVAILABILITY = YES_AGGRESSIVE;
				CLANG_WARN_UNREACHABLE_CODE = YES;
				CLANG_WARN__DUPLICATE_METHOD_MATCH = YES;
				COPY_PHASE_STRIP = NO;
				DEBUG_INFORMATION_FORMAT = dwarf;
				ENABLE_STRICT_OBJC_MSGSEND = YES;
				ENABLE_TESTABILITY = YES;
				GCC_C_LANGUAGE_STANDARD = gnu11;
				GCC_DYNAMIC_NO_PIC = NO;
				GCC_NO_COMMON_BLOCKS = YES;
				GCC_OPTIMIZATION_LEVEL = 0;
				GCC_PREPROCESSOR_DEFINITIONS = (
					"DEBUG=1",
					"$(inherited)",
				);
				GCC_WARN_64_TO_32_BIT_CONVERSION = YES;
				GCC_WARN_ABOUT_RETURN_TYPE = YES_ERROR;
				GCC_WARN_UNDECLARED_SELECTOR = YES;
				GCC_WARN_UNINITIALIZED_AUTOS = YES_AGGRESSIVE;
				GCC_WARN_UNUSED_FUNCTION = YES;
				GCC_WARN_UNUSED_VARIABLE = YES;
				IPHONEOS_DEPLOYMENT_TARGET = 16.4;
				MTL_ENABLE_DEBUG_INFO = INCLUDE_SOURCE;
				MTL_FAST_MATH = YES;
				ONLY_ACTIVE_ARCH = YES;
				SDKROOT = iphoneos;
				SWIFT_ACTIVE_COMPILATION_CONDITIONS = DEBUG;
				SWIFT_OPTIMIZATION_LEVEL = "-Onone";
			};
			name = Debug;
		};
		926181102A455B790075C8F9 /* Release */ = {
			isa = XCBuildConfiguration;
			buildSettings = {
				ALWAYS_SEARCH_USER_PATHS = NO;
				CLANG_ANALYZER_NONNULL = YES;
				CLANG_ANALYZER_NUMBER_OBJECT_CONVERSION = YES_AGGRESSIVE;
				CLANG_CXX_LANGUAGE_STANDARD = "gnu++20";
				CLANG_ENABLE_MODULES = YES;
				CLANG_ENABLE_OBJC_ARC = YES;
				CLANG_ENABLE_OBJC_WEAK = YES;
				CLANG_WARN_BLOCK_CAPTURE_AUTORELEASING = YES;
				CLANG_WARN_BOOL_CONVERSION = YES;
				CLANG_WARN_COMMA = YES;
				CLANG_WARN_CONSTANT_CONVERSION = YES;
				CLANG_WARN_DEPRECATED_OBJC_IMPLEMENTATIONS = YES;
				CLANG_WARN_DIRECT_OBJC_ISA_USAGE = YES_ERROR;
				CLANG_WARN_DOCUMENTATION_COMMENTS = YES;
				CLANG_WARN_EMPTY_BODY = YES;
				CLANG_WARN_ENUM_CONVERSION = YES;
				CLANG_WARN_INFINITE_RECURSION = YES;
				CLANG_WARN_INT_CONVERSION = YES;
				CLANG_WARN_NON_LITERAL_NULL_CONVERSION = YES;
				CLANG_WARN_OBJC_IMPLICIT_RETAIN_SELF = YES;
				CLANG_WARN_OBJC_LITERAL_CONVERSION = YES;
				CLANG_WARN_OBJC_ROOT_CLASS = YES_ERROR;
				CLANG_WARN_QUOTED_INCLUDE_IN_FRAMEWORK_HEADER = YES;
				CLANG_WARN_RANGE_LOOP_ANALYSIS = YES;
				CLANG_WARN_STRICT_PROTOTYPES = YES;
				CLANG_WARN_SUSPICIOUS_MOVE = YES;
				CLANG_WARN_UNGUARDED_AVAILABILITY = YES_AGGRESSIVE;
				CLANG_WARN_UNREACHABLE_CODE = YES;
				CLANG_WARN__DUPLICATE_METHOD_MATCH = YES;
				COPY_PHASE_STRIP = NO;
				DEBUG_INFORMATION_FORMAT = "dwarf-with-dsym";
				ENABLE_NS_ASSERTIONS = NO;
				ENABLE_STRICT_OBJC_MSGSEND = YES;
				GCC_C_LANGUAGE_STANDARD = gnu11;
				GCC_NO_COMMON_BLOCKS = YES;
				GCC_WARN_64_TO_32_BIT_CONVERSION = YES;
				GCC_WARN_ABOUT_RETURN_TYPE = YES_ERROR;
				GCC_WARN_UNDECLARED_SELECTOR = YES;
				GCC_WARN_UNINITIALIZED_AUTOS = YES_AGGRESSIVE;
				GCC_WARN_UNUSED_FUNCTION = YES;
				GCC_WARN_UNUSED_VARIABLE = YES;
				IPHONEOS_DEPLOYMENT_TARGET = 16.4;
				MTL_ENABLE_DEBUG_INFO = NO;
				MTL_FAST_MATH = YES;
				SDKROOT = iphoneos;
				SWIFT_COMPILATION_MODE = wholemodule;
				SWIFT_OPTIMIZATION_LEVEL = "-O";
				VALIDATE_PRODUCT = YES;
			};
			name = Release;
		};
		926181122A455B790075C8F9 /* Debug */ = {
			isa = XCBuildConfiguration;
			buildSettings = {
				ASSETCATALOG_COMPILER_APPICON_NAME = AppIcon;
				ASSETCATALOG_COMPILER_GLOBAL_ACCENT_COLOR_NAME = AccentColor;
				CODE_SIGN_STYLE = Automatic;
				CURRENT_PROJECT_VERSION = 1;
				DEVELOPMENT_TEAM = 98N2MN935H;
				GENERATE_INFOPLIST_FILE = YES;
				INFOPLIST_FILE = MusicPlayer/Info.plist;
				INFOPLIST_KEY_UIApplicationSupportsIndirectInputEvents = YES;
				INFOPLIST_KEY_UILaunchStoryboardName = LaunchScreen;
				INFOPLIST_KEY_UISupportedInterfaceOrientations_iPad = "UIInterfaceOrientationPortrait UIInterfaceOrientationPortraitUpsideDown UIInterfaceOrientationLandscapeLeft UIInterfaceOrientationLandscapeRight";
				INFOPLIST_KEY_UISupportedInterfaceOrientations_iPhone = "UIInterfaceOrientationPortrait UIInterfaceOrientationLandscapeLeft UIInterfaceOrientationLandscapeRight";
				LD_RUNPATH_SEARCH_PATHS = (
					"$(inherited)",
					"@executable_path/Frameworks",
				);
				MARKETING_VERSION = 1.0;
				PRODUCT_BUNDLE_IDENTIFIER = ru.surfIT.MusicPlayer;
				PRODUCT_NAME = "$(TARGET_NAME)";
				SWIFT_EMIT_LOC_STRINGS = YES;
				SWIFT_VERSION = 5.0;
				TARGETED_DEVICE_FAMILY = "1,2";
			};
			name = Debug;
		};
		926181132A455B790075C8F9 /* Release */ = {
			isa = XCBuildConfiguration;
			buildSettings = {
				ASSETCATALOG_COMPILER_APPICON_NAME = AppIcon;
				ASSETCATALOG_COMPILER_GLOBAL_ACCENT_COLOR_NAME = AccentColor;
				CODE_SIGN_STYLE = Automatic;
				CURRENT_PROJECT_VERSION = 1;
				DEVELOPMENT_TEAM = 98N2MN935H;
				GENERATE_INFOPLIST_FILE = YES;
				INFOPLIST_FILE = MusicPlayer/Info.plist;
				INFOPLIST_KEY_UIApplicationSupportsIndirectInputEvents = YES;
				INFOPLIST_KEY_UILaunchStoryboardName = LaunchScreen;
				INFOPLIST_KEY_UISupportedInterfaceOrientations_iPad = "UIInterfaceOrientationPortrait UIInterfaceOrientationPortraitUpsideDown UIInterfaceOrientationLandscapeLeft UIInterfaceOrientationLandscapeRight";
				INFOPLIST_KEY_UISupportedInterfaceOrientations_iPhone = "UIInterfaceOrientationPortrait UIInterfaceOrientationLandscapeLeft UIInterfaceOrientationLandscapeRight";
				LD_RUNPATH_SEARCH_PATHS = (
					"$(inherited)",
					"@executable_path/Frameworks",
				);
				MARKETING_VERSION = 1.0;
				PRODUCT_BUNDLE_IDENTIFIER = ru.surfIT.MusicPlayer;
				PRODUCT_NAME = "$(TARGET_NAME)";
				SWIFT_EMIT_LOC_STRINGS = YES;
				SWIFT_VERSION = 5.0;
				TARGETED_DEVICE_FAMILY = "1,2";
			};
			name = Release;
		};
/* End XCBuildConfiguration section */

/* Begin XCConfigurationList section */
		926180F82A455B790075C8F9 /* Build configuration list for PBXProject "MusicPlayer" */ = {
			isa = XCConfigurationList;
			buildConfigurations = (
				9261810F2A455B790075C8F9 /* Debug */,
				926181102A455B790075C8F9 /* Release */,
			);
			defaultConfigurationIsVisible = 0;
			defaultConfigurationName = Release;
		};
		926181112A455B790075C8F9 /* Build configuration list for PBXNativeTarget "MusicPlayer" */ = {
			isa = XCConfigurationList;
			buildConfigurations = (
				926181122A455B790075C8F9 /* Debug */,
				926181132A455B790075C8F9 /* Release */,
			);
			defaultConfigurationIsVisible = 0;
			defaultConfigurationName = Release;
		};
/* End XCConfigurationList section */
	};
	rootObject = 926180F52A455B790075C8F9 /* Project object */;
}
